// !$*UTF8*$!
{
	archiveVersion = 1;
	classes = {
	};
	objectVersion = 56;
	objects = {

/* Begin PBXBuildFile section */
		0616EC8B2BB42CB600D35872 /* 螺旋矩阵.swift in Sources */ = {isa = PBXBuildFile; fileRef = 0616EC8A2BB42CB600D35872 /* 螺旋矩阵.swift */; };
		067A6A932BB2D03400CBADBF /* 买卖股票的最佳时机.swift in Sources */ = {isa = PBXBuildFile; fileRef = 067A6A922BB2D03400CBADBF /* 买卖股票的最佳时机.swift */; };
		06A6C5F52BB2F61100BDDB53 /* 最长不重复子串.swift in Sources */ = {isa = PBXBuildFile; fileRef = 06A6C5F42BB2F61100BDDB53 /* 最长不重复子串.swift */; };
		06B247C02BB1A786001C9F6B /* TreeLevelOrder.swift in Sources */ = {isa = PBXBuildFile; fileRef = 06B247BF2BB1A786001C9F6B /* TreeLevelOrder.swift */; };
		06B247C22BB2631C001C9F6B /* 搜索旋转排序数组.swift in Sources */ = {isa = PBXBuildFile; fileRef = 06B247C12BB2631C001C9F6B /* 搜索旋转排序数组.swift */; };
		06C6C2962BB158230069AF70 /* MergeList.swift in Sources */ = {isa = PBXBuildFile; fileRef = 06C6C2952BB158230069AF70 /* MergeList.swift */; };
		06C6C2982BB15B680069AF70 /* TwoSum.swift in Sources */ = {isa = PBXBuildFile; fileRef = 06C6C2972BB15B680069AF70 /* TwoSum.swift */; };
		06C6C29A2BB16DE90069AF70 /* 最长回文子串.swift in Sources */ = {isa = PBXBuildFile; fileRef = 06C6C2992BB16DE90069AF70 /* 最长回文子串.swift */; };
		06EDAA362BABC74900BCC224 /* main.swift in Sources */ = {isa = PBXBuildFile; fileRef = 06EDAA352BABC74900BCC224 /* main.swift */; };
		06EDAA3D2BAC190100BCC224 /* Sort.swift in Sources */ = {isa = PBXBuildFile; fileRef = 06EDAA3C2BAC190100BCC224 /* Sort.swift */; };
		06FC2D832BB3B7F900B15E28 /* 有效的括号.swift in Sources */ = {isa = PBXBuildFile; fileRef = 06FC2D822BB3B7F900B15E28 /* 有效的括号.swift */; };
		06FC2D852BB3BAD300B15E28 /* 二叉树最近公共祖先.swift in Sources */ = {isa = PBXBuildFile; fileRef = 06FC2D842BB3BAD300B15E28 /* 二叉树最近公共祖先.swift */; };
		06FC2D872BB3C5CA00B15E28 /* 合并两个有序数组.swift in Sources */ = {isa = PBXBuildFile; fileRef = 06FC2D862BB3C5CA00B15E28 /* 合并两个有序数组.swift */; };
		06FC2D892BB3D05B00B15E28 /* 全排列.swift in Sources */ = {isa = PBXBuildFile; fileRef = 06FC2D882BB3D05B00B15E28 /* 全排列.swift */; };
		06FC2D8B2BB3F7AB00B15E28 /* 二叉树的锯齿形层序遍历.swift in Sources */ = {isa = PBXBuildFile; fileRef = 06FC2D8A2BB3F7AB00B15E28 /* 二叉树的锯齿形层序遍历.swift */; };
		06FC2D8D2BB40E0A00B15E28 /* 翻转链表2.swift in Sources */ = {isa = PBXBuildFile; fileRef = 06FC2D8C2BB40E0A00B15E28 /* 翻转链表2.swift */; };
/* End PBXBuildFile section */

/* Begin PBXCopyFilesBuildPhase section */
		06EDAA302BABC74900BCC224 /* CopyFiles */ = {
			isa = PBXCopyFilesBuildPhase;
			buildActionMask = 2147483647;
			dstPath = /usr/share/man/man1/;
			dstSubfolderSpec = 0;
			files = (
			);
			runOnlyForDeploymentPostprocessing = 1;
		};
/* End PBXCopyFilesBuildPhase section */

/* Begin PBXFileReference section */
		0616EC8A2BB42CB600D35872 /* 螺旋矩阵.swift */ = {isa = PBXFileReference; lastKnownFileType = sourcecode.swift; path = "螺旋矩阵.swift"; sourceTree = "<group>"; };
		067A6A922BB2D03400CBADBF /* 买卖股票的最佳时机.swift */ = {isa = PBXFileReference; lastKnownFileType = sourcecode.swift; path = "买卖股票的最佳时机.swift"; sourceTree = "<group>"; };
		06A6C5F42BB2F61100BDDB53 /* 最长不重复子串.swift */ = {isa = PBXFileReference; lastKnownFileType = sourcecode.swift; path = "最长不重复子串.swift"; sourceTree = "<group>"; };
		06B247BF2BB1A786001C9F6B /* TreeLevelOrder.swift */ = {isa = PBXFileReference; lastKnownFileType = sourcecode.swift; path = TreeLevelOrder.swift; sourceTree = "<group>"; };
		06B247C12BB2631C001C9F6B /* 搜索旋转排序数组.swift */ = {isa = PBXFileReference; lastKnownFileType = sourcecode.swift; path = "搜索旋转排序数组.swift"; sourceTree = "<group>"; };
		06C6C2952BB158230069AF70 /* MergeList.swift */ = {isa = PBXFileReference; lastKnownFileType = sourcecode.swift; path = MergeList.swift; sourceTree = "<group>"; };
		06C6C2972BB15B680069AF70 /* TwoSum.swift */ = {isa = PBXFileReference; lastKnownFileType = sourcecode.swift; path = TwoSum.swift; sourceTree = "<group>"; };
		06C6C2992BB16DE90069AF70 /* 最长回文子串.swift */ = {isa = PBXFileReference; lastKnownFileType = sourcecode.swift; path = "最长回文子串.swift"; sourceTree = "<group>"; };
		06EDAA322BABC74900BCC224 /* testMacOS */ = {isa = PBXFileReference; explicitFileType = "compiled.mach-o.executable"; includeInIndex = 0; path = testMacOS; sourceTree = BUILT_PRODUCTS_DIR; };
		06EDAA352BABC74900BCC224 /* main.swift */ = {isa = PBXFileReference; lastKnownFileType = sourcecode.swift; path = main.swift; sourceTree = "<group>"; };
		06EDAA3C2BAC190100BCC224 /* Sort.swift */ = {isa = PBXFileReference; lastKnownFileType = sourcecode.swift; path = Sort.swift; sourceTree = "<group>"; };
		06FC2D822BB3B7F900B15E28 /* 有效的括号.swift */ = {isa = PBXFileReference; lastKnownFileType = sourcecode.swift; path = "有效的括号.swift"; sourceTree = "<group>"; };
		06FC2D842BB3BAD300B15E28 /* 二叉树最近公共祖先.swift */ = {isa = PBXFileReference; lastKnownFileType = sourcecode.swift; path = "二叉树最近公共祖先.swift"; sourceTree = "<group>"; };
		06FC2D862BB3C5CA00B15E28 /* 合并两个有序数组.swift */ = {isa = PBXFileReference; lastKnownFileType = sourcecode.swift; path = "合并两个有序数组.swift"; sourceTree = "<group>"; };
		06FC2D882BB3D05B00B15E28 /* 全排列.swift */ = {isa = PBXFileReference; lastKnownFileType = sourcecode.swift; path = "全排列.swift"; sourceTree = "<group>"; };
		06FC2D8A2BB3F7AB00B15E28 /* 二叉树的锯齿形层序遍历.swift */ = {isa = PBXFileReference; lastKnownFileType = sourcecode.swift; path = "二叉树的锯齿形层序遍历.swift"; sourceTree = "<group>"; };
		06FC2D8C2BB40E0A00B15E28 /* 翻转链表2.swift */ = {isa = PBXFileReference; lastKnownFileType = sourcecode.swift; path = "翻转链表2.swift"; sourceTree = "<group>"; };
/* End PBXFileReference section */

/* Begin PBXFrameworksBuildPhase section */
		06EDAA2F2BABC74900BCC224 /* Frameworks */ = {
			isa = PBXFrameworksBuildPhase;
			buildActionMask = 2147483647;
			files = (
			);
			runOnlyForDeploymentPostprocessing = 0;
		};
/* End PBXFrameworksBuildPhase section */

/* Begin PBXGroup section */
		06EDAA292BABC74900BCC224 = {
			isa = PBXGroup;
			children = (
				06EDAA342BABC74900BCC224 /* testMacOS */,
				06EDAA332BABC74900BCC224 /* Products */,
			);
			sourceTree = "<group>";
		};
		06EDAA332BABC74900BCC224 /* Products */ = {
			isa = PBXGroup;
			children = (
				06EDAA322BABC74900BCC224 /* testMacOS */,
			);
			name = Products;
			sourceTree = "<group>";
		};
		06EDAA342BABC74900BCC224 /* testMacOS */ = {
			isa = PBXGroup;
			children = (
				06EDAA352BABC74900BCC224 /* main.swift */,
				06EDAA3C2BAC190100BCC224 /* Sort.swift */,
				06C6C2952BB158230069AF70 /* MergeList.swift */,
				06C6C2972BB15B680069AF70 /* TwoSum.swift */,
				06C6C2992BB16DE90069AF70 /* 最长回文子串.swift */,
				06B247BF2BB1A786001C9F6B /* TreeLevelOrder.swift */,
				06B247C12BB2631C001C9F6B /* 搜索旋转排序数组.swift */,
				067A6A922BB2D03400CBADBF /* 买卖股票的最佳时机.swift */,
				06A6C5F42BB2F61100BDDB53 /* 最长不重复子串.swift */,
				06FC2D822BB3B7F900B15E28 /* 有效的括号.swift */,
				06FC2D842BB3BAD300B15E28 /* 二叉树最近公共祖先.swift */,
				06FC2D862BB3C5CA00B15E28 /* 合并两个有序数组.swift */,
				06FC2D882BB3D05B00B15E28 /* 全排列.swift */,
				06FC2D8A2BB3F7AB00B15E28 /* 二叉树的锯齿形层序遍历.swift */,
				06FC2D8C2BB40E0A00B15E28 /* 翻转链表2.swift */,
				0616EC8A2BB42CB600D35872 /* 螺旋矩阵.swift */,
			);
			path = testMacOS;
			sourceTree = "<group>";
		};
/* End PBXGroup section */

/* Begin PBXNativeTarget section */
		06EDAA312BABC74900BCC224 /* testMacOS */ = {
			isa = PBXNativeTarget;
			buildConfigurationList = 06EDAA392BABC74900BCC224 /* Build configuration list for PBXNativeTarget "testMacOS" */;
			buildPhases = (
				06EDAA2E2BABC74900BCC224 /* Sources */,
				06EDAA2F2BABC74900BCC224 /* Frameworks */,
				06EDAA302BABC74900BCC224 /* CopyFiles */,
			);
			buildRules = (
			);
			dependencies = (
			);
			name = testMacOS;
			productName = testMacOS;
			productReference = 06EDAA322BABC74900BCC224 /* testMacOS */;
			productType = "com.apple.product-type.tool";
		};
/* End PBXNativeTarget section */

/* Begin PBXProject section */
		06EDAA2A2BABC74900BCC224 /* Project object */ = {
			isa = PBXProject;
			attributes = {
				BuildIndependentTargetsInParallel = 1;
				LastSwiftUpdateCheck = 1430;
				LastUpgradeCheck = 1430;
				TargetAttributes = {
					06EDAA312BABC74900BCC224 = {
						CreatedOnToolsVersion = 14.3.1;
					};
				};
			};
			buildConfigurationList = 06EDAA2D2BABC74900BCC224 /* Build configuration list for PBXProject "testMacOS" */;
			compatibilityVersion = "Xcode 14.0";
			developmentRegion = en;
			hasScannedForEncodings = 0;
			knownRegions = (
				en,
				Base,
			);
			mainGroup = 06EDAA292BABC74900BCC224;
			productRefGroup = 06EDAA332BABC74900BCC224 /* Products */;
			projectDirPath = "";
			projectRoot = "";
			targets = (
				06EDAA312BABC74900BCC224 /* testMacOS */,
			);
		};
/* End PBXProject section */

/* Begin PBXSourcesBuildPhase section */
		06EDAA2E2BABC74900BCC224 /* Sources */ = {
			isa = PBXSourcesBuildPhase;
			buildActionMask = 2147483647;
			files = (
				067A6A932BB2D03400CBADBF /* 买卖股票的最佳时机.swift in Sources */,
				06FC2D872BB3C5CA00B15E28 /* 合并两个有序数组.swift in Sources */,
				06C6C2962BB158230069AF70 /* MergeList.swift in Sources */,
				06FC2D852BB3BAD300B15E28 /* 二叉树最近公共祖先.swift in Sources */,
				06EDAA362BABC74900BCC224 /* main.swift in Sources */,
				06FC2D8D2BB40E0A00B15E28 /* 翻转链表2.swift in Sources */,
				06B247C22BB2631C001C9F6B /* 搜索旋转排序数组.swift in Sources */,
				06FC2D892BB3D05B00B15E28 /* 全排列.swift in Sources */,
				0616EC8B2BB42CB600D35872 /* 螺旋矩阵.swift in Sources */,
				06FC2D832BB3B7F900B15E28 /* 有效的括号.swift in Sources */,
				06A6C5F52BB2F61100BDDB53 /* 最长不重复子串.swift in Sources */,
				06C6C2982BB15B680069AF70 /* TwoSum.swift in Sources */,
				06FC2D8B2BB3F7AB00B15E28 /* 二叉树的锯齿形层序遍历.swift in Sources */,
				06EDAA3D2BAC190100BCC224 /* Sort.swift in Sources */,
				06B247C02BB1A786001C9F6B /* TreeLevelOrder.swift in Sources */,
				06C6C29A2BB16DE90069AF70 /* 最长回文子串.swift in Sources */,
			);
			runOnlyForDeploymentPostprocessing = 0;
		};
/* End PBXSourcesBuildPhase section */

/* Begin XCBuildConfiguration section */
		06EDAA372BABC74900BCC224 /* Debug */ = {
			isa = XCBuildConfiguration;
			buildSettings = {
				ALWAYS_SEARCH_USER_PATHS = NO;
				CLANG_ANALYZER_NONNULL = YES;
				CLANG_ANALYZER_NUMBER_OBJECT_CONVERSION = YES_AGGRESSIVE;
				CLANG_CXX_LANGUAGE_STANDARD = "gnu++20";
				CLANG_ENABLE_MODULES = YES;
				CLANG_ENABLE_OBJC_ARC = YES;
				CLANG_ENABLE_OBJC_WEAK = YES;
				CLANG_WARN_BLOCK_CAPTURE_AUTORELEASING = YES;
				CLANG_WARN_BOOL_CONVERSION = YES;
				CLANG_WARN_COMMA = YES;
				CLANG_WARN_CONSTANT_CONVERSION = YES;
				CLANG_WARN_DEPRECATED_OBJC_IMPLEMENTATIONS = YES;
				CLANG_WARN_DIRECT_OBJC_ISA_USAGE = YES_ERROR;
				CLANG_WARN_DOCUMENTATION_COMMENTS = YES;
				CLANG_WARN_EMPTY_BODY = YES;
				CLANG_WARN_ENUM_CONVERSION = YES;
				CLANG_WARN_INFINITE_RECURSION = YES;
				CLANG_WARN_INT_CONVERSION = YES;
				CLANG_WARN_NON_LITERAL_NULL_CONVERSION = YES;
				CLANG_WARN_OBJC_IMPLICIT_RETAIN_SELF = YES;
				CLANG_WARN_OBJC_LITERAL_CONVERSION = YES;
				CLANG_WARN_OBJC_ROOT_CLASS = YES_ERROR;
				CLANG_WARN_QUOTED_INCLUDE_IN_FRAMEWORK_HEADER = YES;
				CLANG_WARN_RANGE_LOOP_ANALYSIS = YES;
				CLANG_WARN_STRICT_PROTOTYPES = YES;
				CLANG_WARN_SUSPICIOUS_MOVE = YES;
				CLANG_WARN_UNGUARDED_AVAILABILITY = YES_AGGRESSIVE;
				CLANG_WARN_UNREACHABLE_CODE = YES;
				CLANG_WARN__DUPLICATE_METHOD_MATCH = YES;
				COPY_PHASE_STRIP = NO;
				DEBUG_INFORMATION_FORMAT = dwarf;
				ENABLE_STRICT_OBJC_MSGSEND = YES;
				ENABLE_TESTABILITY = YES;
				GCC_C_LANGUAGE_STANDARD = gnu11;
				GCC_DYNAMIC_NO_PIC = NO;
				GCC_NO_COMMON_BLOCKS = YES;
				GCC_OPTIMIZATION_LEVEL = 0;
				GCC_PREPROCESSOR_DEFINITIONS = (
					"DEBUG=1",
					"$(inherited)",
				);
				GCC_WARN_64_TO_32_BIT_CONVERSION = YES;
				GCC_WARN_ABOUT_RETURN_TYPE = YES_ERROR;
				GCC_WARN_UNDECLARED_SELECTOR = YES;
				GCC_WARN_UNINITIALIZED_AUTOS = YES_AGGRESSIVE;
				GCC_WARN_UNUSED_FUNCTION = YES;
				GCC_WARN_UNUSED_VARIABLE = YES;
				MACOSX_DEPLOYMENT_TARGET = 13.3;
				MTL_ENABLE_DEBUG_INFO = INCLUDE_SOURCE;
				MTL_FAST_MATH = YES;
				ONLY_ACTIVE_ARCH = YES;
				SDKROOT = macosx;
				SWIFT_ACTIVE_COMPILATION_CONDITIONS = DEBUG;
				SWIFT_OPTIMIZATION_LEVEL = "-Onone";
			};
			name = Debug;
		};
		06EDAA382BABC74900BCC224 /* Release */ = {
			isa = XCBuildConfiguration;
			buildSettings = {
				ALWAYS_SEARCH_USER_PATHS = NO;
				CLANG_ANALYZER_NONNULL = YES;
				CLANG_ANALYZER_NUMBER_OBJECT_CONVERSION = YES_AGGRESSIVE;
				CLANG_CXX_LANGUAGE_STANDARD = "gnu++20";
				CLANG_ENABLE_MODULES = YES;
				CLANG_ENABLE_OBJC_ARC = YES;
				CLANG_ENABLE_OBJC_WEAK = YES;
				CLANG_WARN_BLOCK_CAPTURE_AUTORELEASING = YES;
				CLANG_WARN_BOOL_CONVERSION = YES;
				CLANG_WARN_COMMA = YES;
				CLANG_WARN_CONSTANT_CONVERSION = YES;
				CLANG_WARN_DEPRECATED_OBJC_IMPLEMENTATIONS = YES;
				CLANG_WARN_DIRECT_OBJC_ISA_USAGE = YES_ERROR;
				CLANG_WARN_DOCUMENTATION_COMMENTS = YES;
				CLANG_WARN_EMPTY_BODY = YES;
				CLANG_WARN_ENUM_CONVERSION = YES;
				CLANG_WARN_INFINITE_RECURSION = YES;
				CLANG_WARN_INT_CONVERSION = YES;
				CLANG_WARN_NON_LITERAL_NULL_CONVERSION = YES;
				CLANG_WARN_OBJC_IMPLICIT_RETAIN_SELF = YES;
				CLANG_WARN_OBJC_LITERAL_CONVERSION = YES;
				CLANG_WARN_OBJC_ROOT_CLASS = YES_ERROR;
				CLANG_WARN_QUOTED_INCLUDE_IN_FRAMEWORK_HEADER = YES;
				CLANG_WARN_RANGE_LOOP_ANALYSIS = YES;
				CLANG_WARN_STRICT_PROTOTYPES = YES;
				CLANG_WARN_SUSPICIOUS_MOVE = YES;
				CLANG_WARN_UNGUARDED_AVAILABILITY = YES_AGGRESSIVE;
				CLANG_WARN_UNREACHABLE_CODE = YES;
				CLANG_WARN__DUPLICATE_METHOD_MATCH = YES;
				COPY_PHASE_STRIP = NO;
				DEBUG_INFORMATION_FORMAT = "dwarf-with-dsym";
				ENABLE_NS_ASSERTIONS = NO;
				ENABLE_STRICT_OBJC_MSGSEND = YES;
				GCC_C_LANGUAGE_STANDARD = gnu11;
				GCC_NO_COMMON_BLOCKS = YES;
				GCC_WARN_64_TO_32_BIT_CONVERSION = YES;
				GCC_WARN_ABOUT_RETURN_TYPE = YES_ERROR;
				GCC_WARN_UNDECLARED_SELECTOR = YES;
				GCC_WARN_UNINITIALIZED_AUTOS = YES_AGGRESSIVE;
				GCC_WARN_UNUSED_FUNCTION = YES;
				GCC_WARN_UNUSED_VARIABLE = YES;
				MACOSX_DEPLOYMENT_TARGET = 13.3;
				MTL_ENABLE_DEBUG_INFO = NO;
				MTL_FAST_MATH = YES;
				SDKROOT = macosx;
				SWIFT_COMPILATION_MODE = wholemodule;
				SWIFT_OPTIMIZATION_LEVEL = "-O";
			};
			name = Release;
		};
		06EDAA3A2BABC74900BCC224 /* Debug */ = {
			isa = XCBuildConfiguration;
			buildSettings = {
				CODE_SIGN_STYLE = Automatic;
				PRODUCT_NAME = "$(TARGET_NAME)";
				SWIFT_VERSION = 5.0;
			};
			name = Debug;
		};
		06EDAA3B2BABC74900BCC224 /* Release */ = {
			isa = XCBuildConfiguration;
			buildSettings = {
				CODE_SIGN_STYLE = Automatic;
				PRODUCT_NAME = "$(TARGET_NAME)";
				SWIFT_VERSION = 5.0;
			};
			name = Release;
		};
/* End XCBuildConfiguration section */

/* Begin XCConfigurationList section */
		06EDAA2D2BABC74900BCC224 /* Build configuration list for PBXProject "testMacOS" */ = {
			isa = XCConfigurationList;
			buildConfigurations = (
				06EDAA372BABC74900BCC224 /* Debug */,
				06EDAA382BABC74900BCC224 /* Release */,
			);
			defaultConfigurationIsVisible = 0;
			defaultConfigurationName = Release;
		};
		06EDAA392BABC74900BCC224 /* Build configuration list for PBXNativeTarget "testMacOS" */ = {
			isa = XCConfigurationList;
			buildConfigurations = (
				06EDAA3A2BABC74900BCC224 /* Debug */,
				06EDAA3B2BABC74900BCC224 /* Release */,
			);
			defaultConfigurationIsVisible = 0;
			defaultConfigurationName = Release;
		};
/* End XCConfigurationList section */
	};
	rootObject = 06EDAA2A2BABC74900BCC224 /* Project object */;
}
